
Microsoft Visual Studio Solution File, Format Version 12.00
# Visual Studio 14
VisualStudioVersion = 14.0.25123.0
MinimumVisualStudioVersion = 10.0.40219.1
Project("{00D1A9C2-B5F0-4AF3-8072-F6C62B433612}") = "ArduinoAzureSqlDatabase", "ArduinoAzureSqlDatabase\ArduinoAzureSqlDatabase.sqlproj", "{2EF91CD9-A136-4DE2-A296-0B8DA5A920A5}"
EndProject
Global
	GlobalSection(SolutionConfigurationPlatforms) = preSolution
		Debug|Any CPU = Debug|Any CPU
		Release|Any CPU = Release|Any CPU
	EndGlobalSection
	GlobalSection(ProjectConfigurationPlatforms) = postSolution
		{2EF91CD9-A136-4DE2-A296-0B8DA5A920A5}.Debug|Any CPU.ActiveCfg = Debug|Any CPU
		{2EF91CD9-A136-4DE2-A296-0B8DA5A920A5}.Debug|Any CPU.Build.0 = Debug|Any CPU
		{2EF91CD9-A136-4DE2-A296-0B8DA5A920A5}.Debug|Any CPU.Deploy.0 = Debug|Any CPU
		{2EF91CD9-A136-4DE2-A296-0B8DA5A920A5}.Release|Any CPU.ActiveCfg = Release|Any CPU
		{2EF91CD9-A136-4DE2-A296-0B8DA5A920A5}.Release|Any CPU.Build.0 = Release|Any CPU
		{2EF91CD9-A136-4DE2-A296-0B8DA5A920A5}.Release|Any CPU.Deploy.0 = Release|Any CPU
	EndGlobalSection
	GlobalSection(SolutionProperties) = preSolution
		HideSolutionNode = FALSE
	EndGlobalSection
EndGlobal
